
Microsoft Visual Studio Solution File, Format Version 12.00
# Visual Studio Version 17
VisualStudioVersion = 17.1.32328.378
MinimumVisualStudioVersion = 10.0.40219.1
Project("{FAE04EC0-301F-11D3-BF4B-00C04F79EFBC}") = "2022P4csharp", "2022P4csharp\2022P4csharp.csproj", "{D422BBB4-9930-4F3C-AE54-246895B66B6F}"
EndProject
Global
	GlobalSection(SolutionConfigurationPlatforms) = preSolution
		Debug|Any CPU = Debug|Any CPU
		Release|Any CPU = Release|Any CPU
	EndGlobalSection
	GlobalSection(ProjectConfigurationPlatforms) = postSolution
		{D422BBB4-9930-4F3C-AE54-246895B66B6F}.Debug|Any CPU.ActiveCfg = Debug|Any CPU
		{D422BBB4-9930-4F3C-AE54-246895B66B6F}.Debug|Any CPU.Build.0 = Debug|Any CPU
		{D422BBB4-9930-4F3C-AE54-246895B66B6F}.Release|Any CPU.ActiveCfg = Release|Any CPU
		{D422BBB4-9930-4F3C-AE54-246895B66B6F}.Release|Any CPU.Build.0 = Release|Any CPU
	EndGlobalSection
	GlobalSection(SolutionProperties) = preSolution
		HideSolutionNode = FALSE
	EndGlobalSection
	GlobalSection(ExtensibilityGlobals) = postSolution
		SolutionGuid = {D983F9F3-68E8-4952-881F-A3EE83E68B05}
	EndGlobalSection
EndGlobal
